
Microsoft Visual Studio Solution File, Format Version 12.00
# Visual Studio Version 17
VisualStudioVersion = 17.8.34525.116
MinimumVisualStudioVersion = 10.0.40219.1
Project("{FAE04EC0-301F-11D3-BF4B-00C04F79EFBC}") = "Main", "Main\Main.csproj", "{142637F2-D300-4285-B327-4EE26925029C}"
EndProject
Global
	GlobalSection(SolutionConfigurationPlatforms) = preSolution
		Debug|Any CPU = Debug|Any CPU
		Release|Any CPU = Release|Any CPU
	EndGlobalSection
	GlobalSection(ProjectConfigurationPlatforms) = postSolution
		{142637F2-D300-4285-B327-4EE26925029C}.Debug|Any CPU.ActiveCfg = Debug|Any CPU
		{142637F2-D300-4285-B327-4EE26925029C}.Debug|Any CPU.Build.0 = Debug|Any CPU
		{142637F2-D300-4285-B327-4EE26925029C}.Release|Any CPU.ActiveCfg = Release|Any CPU
		{142637F2-D300-4285-B327-4EE26925029C}.Release|Any CPU.Build.0 = Release|Any CPU
	EndGlobalSection
	GlobalSection(SolutionProperties) = preSolution
		HideSolutionNode = FALSE
	EndGlobalSection
	GlobalSection(ExtensibilityGlobals) = postSolution
		SolutionGuid = {57F7449B-9C15-493F-9E95-829A66FA7EA4}
	EndGlobalSection
EndGlobal
